SITE
  remote: http://community.opscode.com/api/v1
  specs:
    apache2 (1.6.6)
    apt (2.0.0)
    build-essential (1.4.0)
    chef_handler (1.1.4)
    cron (1.2.4)
    curl (1.1.0)
    discovery (0.2.0)
    erlang (1.3.0)
      apt (>= 1.7.0)
      build-essential (>= 0.0.0)
      yum (>= 0.5.0)
    firewall (0.11.0)
    monitor (0.0.3)
      sensu (>= 0.0.0)
      sudo (>= 0.0.0)
    mysql (3.0.2)
      build-essential (> 1.1.0)
      openssl (>= 0.0.0)
    openssl (1.0.2)
    php (1.2.2)
      build-essential (>= 0.0.0)
      mysql (>= 0.0.0)
      xml (>= 0.0.0)
    postfix (2.1.6)
    rabbitmq (2.1.2)
      erlang (>= 0.9)
    runit (1.1.6)
      build-essential (>= 0.0.0)
      yum (>= 0.0.0)
    sensu (0.5.4)
      apt (>= 0.0.0)
      rabbitmq (>= 2.0.0)
      redis (>= 2.1.0)
      windows (>= 1.8.8)
      yum (>= 0.0.0)
    stunnel (2.0.4)
    sudo (2.1.2)
    vim (1.0.2)
    windows (1.10.0)
      chef_handler (>= 0.0.0)
    xml (1.1.2)
      build-essential (>= 0.0.0)
    yum (2.3.0)

GIT
  remote: https://github.com/mdxp/drupal-cookbook
  ref: master
  sha: b446aea3bebf447e1b9363ddc9cdd4cf33705217
  specs:
    drupal (1.1.1)
      apache2 (>= 0.0.0)
      cron (>= 0.0.0)
      firewall (>= 0.0.0)
      mysql (>= 0.0.0)
      openssl (>= 0.0.0)
      php (>= 0.0.0)
      postfix (>= 0.0.0)

GIT
  remote: https://github.com/miah/chef-redis
  ref: master
  sha: 77a52550202893ebc7ac6a54200a2745fc13a688
  specs:
    redis (2.1.1)
      build-essential (>= 0.0.0)
      discovery (>= 0.2.0)
      runit (>= 0.0.0)
      stunnel (>= 2.0.0)
      yum (>= 0.0.0)

PATH
  remote: cookbooks-source/drupal-monitor
  specs:
    drupal-monitor (0.0.0)
      drupal (>= 0.0.0)
      sensu (>= 0.0.0)

DEPENDENCIES
  apt (>= 0)
  curl (>= 0)
  drupal (>= 0)
  drupal-monitor (>= 0)
  monitor (>= 0)
  redis (>= 0)
  vim (>= 0)

